
Microsoft Visual Studio Solution File, Format Version 12.00
# Visual Studio 15
VisualStudioVersion = 15.0.27004.2002
MinimumVisualStudioVersion = 10.0.40219.1
Project("{FAE04EC0-301F-11D3-BF4B-00C04F79EFBC}") = "assignment1", "assignment1\assignment1.csproj", "{BE42441E-3AA9-400C-A0CE-D3CAD51046F3}"
EndProject
Project("{FAE04EC0-301F-11D3-BF4B-00C04F79EFBC}") = "assignment1.Tests", "assignment1.Tests\assignment1.Tests.csproj", "{A632BF6D-3DCD-407A-B36E-4522BC16163F}"
EndProject
Global
	GlobalSection(SolutionConfigurationPlatforms) = preSolution
		Debug|Any CPU = Debug|Any CPU
		Release|Any CPU = Release|Any CPU
	EndGlobalSection
	GlobalSection(ProjectConfigurationPlatforms) = postSolution
		{BE42441E-3AA9-400C-A0CE-D3CAD51046F3}.Debug|Any CPU.ActiveCfg = Debug|Any CPU
		{BE42441E-3AA9-400C-A0CE-D3CAD51046F3}.Debug|Any CPU.Build.0 = Debug|Any CPU
		{BE42441E-3AA9-400C-A0CE-D3CAD51046F3}.Release|Any CPU.ActiveCfg = Release|Any CPU
		{BE42441E-3AA9-400C-A0CE-D3CAD51046F3}.Release|Any CPU.Build.0 = Release|Any CPU
		{A632BF6D-3DCD-407A-B36E-4522BC16163F}.Debug|Any CPU.ActiveCfg = Debug|Any CPU
		{A632BF6D-3DCD-407A-B36E-4522BC16163F}.Debug|Any CPU.Build.0 = Debug|Any CPU
		{A632BF6D-3DCD-407A-B36E-4522BC16163F}.Release|Any CPU.ActiveCfg = Release|Any CPU
		{A632BF6D-3DCD-407A-B36E-4522BC16163F}.Release|Any CPU.Build.0 = Release|Any CPU
	EndGlobalSection
	GlobalSection(SolutionProperties) = preSolution
		HideSolutionNode = FALSE
	EndGlobalSection
	GlobalSection(ExtensibilityGlobals) = postSolution
		SolutionGuid = {EF0DC1EE-E83D-44A0-9896-8A001CF7CD6D}
	EndGlobalSection
EndGlobal
